
Microsoft Visual Studio Solution File, Format Version 12.00
# Visual Studio Version 16
VisualStudioVersion = 16.0.30503.244
MinimumVisualStudioVersion = 10.0.40219.1
Project("{FAE04EC0-301F-11D3-BF4B-00C04F79EFBC}") = "Listas", "Listas\Listas.csproj", "{65671653-B457-44EA-8EC1-F49A14E8EEEF}"
EndProject
Global
	GlobalSection(SolutionConfigurationPlatforms) = preSolution
		Debug|Any CPU = Debug|Any CPU
		Release|Any CPU = Release|Any CPU
	EndGlobalSection
	GlobalSection(ProjectConfigurationPlatforms) = postSolution
		{65671653-B457-44EA-8EC1-F49A14E8EEEF}.Debug|Any CPU.ActiveCfg = Debug|Any CPU
		{65671653-B457-44EA-8EC1-F49A14E8EEEF}.Debug|Any CPU.Build.0 = Debug|Any CPU
		{65671653-B457-44EA-8EC1-F49A14E8EEEF}.Release|Any CPU.ActiveCfg = Release|Any CPU
		{65671653-B457-44EA-8EC1-F49A14E8EEEF}.Release|Any CPU.Build.0 = Release|Any CPU
	EndGlobalSection
	GlobalSection(SolutionProperties) = preSolution
		HideSolutionNode = FALSE
	EndGlobalSection
	GlobalSection(ExtensibilityGlobals) = postSolution
		SolutionGuid = {D953CC2D-5A15-4DE9-9C01-1DD19DAE1DF2}
	EndGlobalSection
EndGlobal
